
Microsoft Visual Studio Solution File, Format Version 12.00
# Visual Studio Version 17
VisualStudioVersion = 17.10.35122.118
MinimumVisualStudioVersion = 10.0.40219.1
Project("{FAE04EC0-301F-11D3-BF4B-00C04F79EFBC}") = "DemoTXT", "DemoTXT.csproj", "{BBCC3504-8165-46B0-AA18-A6BA4F59E9FF}"
EndProject
Global
	GlobalSection(SolutionConfigurationPlatforms) = preSolution
		Debug|Any CPU = Debug|Any CPU
		Release|Any CPU = Release|Any CPU
	EndGlobalSection
	GlobalSection(ProjectConfigurationPlatforms) = postSolution
		{BBCC3504-8165-46B0-AA18-A6BA4F59E9FF}.Debug|Any CPU.ActiveCfg = Debug|Any CPU
		{BBCC3504-8165-46B0-AA18-A6BA4F59E9FF}.Debug|Any CPU.Build.0 = Debug|Any CPU
		{BBCC3504-8165-46B0-AA18-A6BA4F59E9FF}.Release|Any CPU.ActiveCfg = Release|Any CPU
		{BBCC3504-8165-46B0-AA18-A6BA4F59E9FF}.Release|Any CPU.Build.0 = Release|Any CPU
	EndGlobalSection
	GlobalSection(SolutionProperties) = preSolution
		HideSolutionNode = FALSE
	EndGlobalSection
	GlobalSection(ExtensibilityGlobals) = postSolution
		SolutionGuid = {F5C66197-1828-4196-B6BD-4886E47BDCE3}
	EndGlobalSection
EndGlobal
